
Microsoft Visual Studio Solution File, Format Version 12.00
# Visual Studio Version 16
VisualStudioVersion = 16.0.30611.23
MinimumVisualStudioVersion = 10.0.40219.1
Project("{FAE04EC0-301F-11D3-BF4B-00C04F79EFBC}") = "sample_proj15", "sample_proj15\sample_proj15.csproj", "{7393C4A2-5C5A-4003-A816-5338631D0998}"
EndProject
Global
	GlobalSection(SolutionConfigurationPlatforms) = preSolution
		Debug|Any CPU = Debug|Any CPU
		Release|Any CPU = Release|Any CPU
	EndGlobalSection
	GlobalSection(ProjectConfigurationPlatforms) = postSolution
		{7393C4A2-5C5A-4003-A816-5338631D0998}.Debug|Any CPU.ActiveCfg = Debug|Any CPU
		{7393C4A2-5C5A-4003-A816-5338631D0998}.Debug|Any CPU.Build.0 = Debug|Any CPU
		{7393C4A2-5C5A-4003-A816-5338631D0998}.Release|Any CPU.ActiveCfg = Release|Any CPU
		{7393C4A2-5C5A-4003-A816-5338631D0998}.Release|Any CPU.Build.0 = Release|Any CPU
	EndGlobalSection
	GlobalSection(SolutionProperties) = preSolution
		HideSolutionNode = FALSE
	EndGlobalSection
	GlobalSection(ExtensibilityGlobals) = postSolution
		SolutionGuid = {0CCC5C61-033D-49E0-9C78-9A1D20911830}
	EndGlobalSection
EndGlobal
